
Microsoft Visual Studio Solution File, Format Version 12.00
# Visual Studio Version 17
VisualStudioVersion = 17.10.34928.147
MinimumVisualStudioVersion = 10.0.40219.1
Project("{8BC9CEB8-8B4A-11D0-8D11-00A0C91BC942}") = "Assignment1", "Assignment1\Assignment1.vcxproj", "{E27A2501-E63F-44A9-BFFA-837BE909581F}"
EndProject
Global
	GlobalSection(SolutionConfigurationPlatforms) = preSolution
		Debug|x64 = Debug|x64
		Debug|x86 = Debug|x86
		Release|x64 = Release|x64
		Release|x86 = Release|x86
	EndGlobalSection
	GlobalSection(ProjectConfigurationPlatforms) = postSolution
		{E27A2501-E63F-44A9-BFFA-837BE909581F}.Debug|x64.ActiveCfg = Debug|x64
		{E27A2501-E63F-44A9-BFFA-837BE909581F}.Debug|x64.Build.0 = Debug|x64
		{E27A2501-E63F-44A9-BFFA-837BE909581F}.Debug|x86.ActiveCfg = Debug|Win32
		{E27A2501-E63F-44A9-BFFA-837BE909581F}.Debug|x86.Build.0 = Debug|Win32
		{E27A2501-E63F-44A9-BFFA-837BE909581F}.Release|x64.ActiveCfg = Release|x64
		{E27A2501-E63F-44A9-BFFA-837BE909581F}.Release|x64.Build.0 = Release|x64
		{E27A2501-E63F-44A9-BFFA-837BE909581F}.Release|x86.ActiveCfg = Release|Win32
		{E27A2501-E63F-44A9-BFFA-837BE909581F}.Release|x86.Build.0 = Release|Win32
	EndGlobalSection
	GlobalSection(SolutionProperties) = preSolution
		HideSolutionNode = FALSE
	EndGlobalSection
	GlobalSection(ExtensibilityGlobals) = postSolution
		SolutionGuid = {449B30F7-E3CC-44DC-B2CF-317CF029322F}
	EndGlobalSection
EndGlobal
